# This file is automatically @generated by Poetry 2.1.2 and should not be changed by hand.

[[package]]
name = "cachetools"
version = "5.5.2"
description = "Extensible memoizing collections and decorators"
optional = false
python-versions = ">=3.7"
groups = ["main"]
files = [
    {file = "cachetools-5.5.2-py3-none-any.whl", hash = "sha256:d26a22bcc62eb95c3beabd9f1ee5e820d3d2704fe2967cbe350e20c8ffcd3f0a"},
    {file = "cachetools-5.5.2.tar.gz", hash = "sha256:1a661caa9175d26759571b2e19580f9d6393969e5dfca11fdb1f947a23e640d4"},
]

[[package]]
name = "joblib"
version = "1.5.3"
description = "Lightweight pipelining with Python functions"
optional = false
python-versions = ">=3.9"
groups = ["main"]
files = [
    {file = "joblib-1.5.3-py3-none-any.whl", hash = "sha256:5fc3c5039fc5ca8c0276333a188bbd59d6b7ab37fe6632daa76bc7f9ec18e713"},
    {file = "joblib-1.5.3.tar.gz", hash = "sha256:8561a3269e6801106863fd0d6d84bb737be9e7631e33aaed3fb9ce5953688da3"},
]

[metadata]
lock-version = "2.1"
python-versions = ">=3.13"
content-hash = "23e76d8146790286df4bc14ea6b0af34edcbccc6af32e0a622c756418e45a749"
